
Microsoft Visual Studio Solution File, Format Version 12.00
# Visual Studio Version 17
VisualStudioVersion = 17.5.33516.290
MinimumVisualStudioVersion = 10.0.40219.1
Project("{9A19103F-16F7-4668-BE54-9A1E7A4F7556}") = "ConsoleClient", "ConsoleClient\ConsoleClient.csproj", "{EB117E94-5266-4886-8E9B-0CF31D0CF814}"
EndProject
Project("{FAE04EC0-301F-11D3-BF4B-00C04F79EFBC}") = "MonoCraft.Net", "MonoCraft.Net\MonoCraft.Net.csproj", "{9EF80D94-6059-4ECF-816D-6B57715059DB}"
EndProject
Project("{FAE04EC0-301F-11D3-BF4B-00C04F79EFBC}") = "MonoCraft.Application", "MonoCraft.Application\MonoCraft.Application.csproj", "{75572937-5B45-4CF8-BD8F-B5CD7F804370}"
EndProject
Project("{FAE04EC0-301F-11D3-BF4B-00C04F79EFBC}") = "MonoCraft.Core", "MonoCraft.Core\MonoCraft.Core.csproj", "{0954C6EC-0051-41CC-AED3-51E63666FBAE}"
EndProject
Global
	GlobalSection(SolutionConfigurationPlatforms) = preSolution
		Debug|Any CPU = Debug|Any CPU
		Release|Any CPU = Release|Any CPU
	EndGlobalSection
	GlobalSection(ProjectConfigurationPlatforms) = postSolution
		{EB117E94-5266-4886-8E9B-0CF31D0CF814}.Debug|Any CPU.ActiveCfg = Debug|Any CPU
		{EB117E94-5266-4886-8E9B-0CF31D0CF814}.Debug|Any CPU.Build.0 = Debug|Any CPU
		{EB117E94-5266-4886-8E9B-0CF31D0CF814}.Release|Any CPU.ActiveCfg = Release|Any CPU
		{EB117E94-5266-4886-8E9B-0CF31D0CF814}.Release|Any CPU.Build.0 = Release|Any CPU
		{9EF80D94-6059-4ECF-816D-6B57715059DB}.Debug|Any CPU.ActiveCfg = Debug|Any CPU
		{9EF80D94-6059-4ECF-816D-6B57715059DB}.Debug|Any CPU.Build.0 = Debug|Any CPU
		{9EF80D94-6059-4ECF-816D-6B57715059DB}.Release|Any CPU.ActiveCfg = Release|Any CPU
		{9EF80D94-6059-4ECF-816D-6B57715059DB}.Release|Any CPU.Build.0 = Release|Any CPU
		{75572937-5B45-4CF8-BD8F-B5CD7F804370}.Debug|Any CPU.ActiveCfg = Debug|Any CPU
		{75572937-5B45-4CF8-BD8F-B5CD7F804370}.Debug|Any CPU.Build.0 = Debug|Any CPU
		{75572937-5B45-4CF8-BD8F-B5CD7F804370}.Release|Any CPU.ActiveCfg = Release|Any CPU
		{75572937-5B45-4CF8-BD8F-B5CD7F804370}.Release|Any CPU.Build.0 = Release|Any CPU
		{0954C6EC-0051-41CC-AED3-51E63666FBAE}.Debug|Any CPU.ActiveCfg = Debug|Any CPU
		{0954C6EC-0051-41CC-AED3-51E63666FBAE}.Debug|Any CPU.Build.0 = Debug|Any CPU
		{0954C6EC-0051-41CC-AED3-51E63666FBAE}.Release|Any CPU.ActiveCfg = Release|Any CPU
		{0954C6EC-0051-41CC-AED3-51E63666FBAE}.Release|Any CPU.Build.0 = Release|Any CPU
	EndGlobalSection
	GlobalSection(SolutionProperties) = preSolution
		HideSolutionNode = FALSE
	EndGlobalSection
	GlobalSection(ExtensibilityGlobals) = postSolution
		SolutionGuid = {2C7020F7-B589-4634-BBA9-E783ABA51738}
	EndGlobalSection
EndGlobal
