
Microsoft Visual Studio Solution File, Format Version 12.00
# Visual Studio Version 17
VisualStudioVersion = 17.5.33516.290
MinimumVisualStudioVersion = 10.0.40219.1
Project("{9A19103F-16F7-4668-BE54-9A1E7A4F7556}") = "ConsoleClient", "ConsoleClient\ConsoleClient.csproj", "{EB117E94-5266-4886-8E9B-0CF31D0CF814}"
EndProject
Project("{9A19103F-16F7-4668-BE54-9A1E7A4F7556}") = "MonoCraft.Net", "MonoCraft.Net\MonoCraft.Net.csproj", "{9EF80D94-6059-4ECF-816D-6B57715059DB}"
EndProject
Project("{9A19103F-16F7-4668-BE54-9A1E7A4F7556}") = "MonoCraft.Core", "MonoCraft.Core\MonoCraft.Core.csproj", "{0954C6EC-0051-41CC-AED3-51E63666FBAE}"
EndProject
Project("{D954291E-2A0B-460D-934E-DC6B0785DB48}") = "Monocraft.Application.Shared", "Monocraft.Application.Shared\Monocraft.Application.Shared.shproj", "{A0CDBD0E-3A41-42B7-9425-A838BC2C7383}"
EndProject
Project("{9A19103F-16F7-4668-BE54-9A1E7A4F7556}") = "Monocraft.Application.Windows", "Monocraft.Application.Windows\Monocraft.Application.Windows.csproj", "{A1476092-F534-499E-AC28-CEEE19AD6B46}"
EndProject
Global
	GlobalSection(SolutionConfigurationPlatforms) = preSolution
		Debug|Any CPU = Debug|Any CPU
		Release|Any CPU = Release|Any CPU
	EndGlobalSection
	GlobalSection(ProjectConfigurationPlatforms) = postSolution
		{EB117E94-5266-4886-8E9B-0CF31D0CF814}.Debug|Any CPU.ActiveCfg = Debug|Any CPU
		{EB117E94-5266-4886-8E9B-0CF31D0CF814}.Debug|Any CPU.Build.0 = Debug|Any CPU
		{EB117E94-5266-4886-8E9B-0CF31D0CF814}.Release|Any CPU.ActiveCfg = Release|Any CPU
		{EB117E94-5266-4886-8E9B-0CF31D0CF814}.Release|Any CPU.Build.0 = Release|Any CPU
		{9EF80D94-6059-4ECF-816D-6B57715059DB}.Debug|Any CPU.ActiveCfg = Debug|Any CPU
		{9EF80D94-6059-4ECF-816D-6B57715059DB}.Debug|Any CPU.Build.0 = Debug|Any CPU
		{9EF80D94-6059-4ECF-816D-6B57715059DB}.Release|Any CPU.ActiveCfg = Release|Any CPU
		{9EF80D94-6059-4ECF-816D-6B57715059DB}.Release|Any CPU.Build.0 = Release|Any CPU
		{0954C6EC-0051-41CC-AED3-51E63666FBAE}.Debug|Any CPU.ActiveCfg = Debug|Any CPU
		{0954C6EC-0051-41CC-AED3-51E63666FBAE}.Debug|Any CPU.Build.0 = Debug|Any CPU
		{0954C6EC-0051-41CC-AED3-51E63666FBAE}.Release|Any CPU.ActiveCfg = Release|Any CPU
		{0954C6EC-0051-41CC-AED3-51E63666FBAE}.Release|Any CPU.Build.0 = Release|Any CPU
		{A1476092-F534-499E-AC28-CEEE19AD6B46}.Debug|Any CPU.ActiveCfg = Debug|Any CPU
		{A1476092-F534-499E-AC28-CEEE19AD6B46}.Debug|Any CPU.Build.0 = Debug|Any CPU
		{A1476092-F534-499E-AC28-CEEE19AD6B46}.Release|Any CPU.ActiveCfg = Release|Any CPU
		{A1476092-F534-499E-AC28-CEEE19AD6B46}.Release|Any CPU.Build.0 = Release|Any CPU
	EndGlobalSection
	GlobalSection(SolutionProperties) = preSolution
		HideSolutionNode = FALSE
	EndGlobalSection
	GlobalSection(ExtensibilityGlobals) = postSolution
		SolutionGuid = {2C7020F7-B589-4634-BBA9-E783ABA51738}
	EndGlobalSection
	GlobalSection(SharedMSBuildProjectFiles) = preSolution
		Monocraft.Application.Shared\Monocraft.Application.Shared.projitems*{a0cdbd0e-3a41-42b7-9425-a838bc2c7383}*SharedItemsImports = 13
		Monocraft.Application.Shared\Monocraft.Application.Shared.projitems*{a1476092-f534-499e-ac28-ceee19ad6b46}*SharedItemsImports = 5
	EndGlobalSection
EndGlobal
